
Microsoft Visual Studio Solution File, Format Version 12.00
# Visual Studio Version 17
VisualStudioVersion = 17.5.33516.290
MinimumVisualStudioVersion = 10.0.40219.1
Project("{2150E333-8FDC-42A3-9474-1A3956D46DE8}") = "src", "src", "{F4167B8A-AD0A-4CC1-9008-0C83D5BFBF12}"
EndProject
Project("{2150E333-8FDC-42A3-9474-1A3956D46DE8}") = "APIGateway", "APIGateway", "{8CBD3DA9-8FE0-49C4-843A-0F840A10277B}"
EndProject
Project("{2150E333-8FDC-42A3-9474-1A3956D46DE8}") = "MicroServices", "MicroServices", "{7C82A8C1-E893-4509-8504-8E29A7E06A27}"
EndProject
Project("{9A19103F-16F7-4668-BE54-9A1E7A4F7556}") = "Coa.Auth.Gateway", "Coalescing\src\APIGateway\Coa.Auth.Gateway\Coa.Auth.Gateway.csproj", "{AADC985C-7F7B-4167-8614-09B5D6D87F40}"
EndProject
Project("{9A19103F-16F7-4668-BE54-9A1E7A4F7556}") = "Coa.Auth.Api", "Coalescing\src\APIGateway\Coa.Auth.Api\Coa.Auth.Api.csproj", "{497566BE-FC69-406C-872C-2372DD5EAA92}"
	ProjectSection(ProjectDependencies) = postProject
		{3CE2F914-394B-42D5-AF0E-4CF22CD82F30} = {3CE2F914-394B-42D5-AF0E-4CF22CD82F30}
		{484D39B5-1442-40EE-A73D-7A9E87994267} = {484D39B5-1442-40EE-A73D-7A9E87994267}
		{AADC985C-7F7B-4167-8614-09B5D6D87F40} = {AADC985C-7F7B-4167-8614-09B5D6D87F40}
		{C4CB67A4-0C29-42A5-9B73-3CA5338B0BE7} = {C4CB67A4-0C29-42A5-9B73-3CA5338B0BE7}
	EndProjectSection
EndProject
Project("{2150E333-8FDC-42A3-9474-1A3956D46DE8}") = "Coa.Auth", "Coa.Auth", "{506F612F-8F4A-4D8C-98DD-7085D486AA63}"
EndProject
Project("{FAE04EC0-301F-11D3-BF4B-00C04F79EFBC}") = "Auth.Application", "Coalescing\src\MicroServices\Coa.Auth\Auth.Application\Auth.Application.csproj", "{C4CB67A4-0C29-42A5-9B73-3CA5338B0BE7}"
EndProject
Project("{FAE04EC0-301F-11D3-BF4B-00C04F79EFBC}") = "Auth.Domain", "Coalescing\src\MicroServices\Coa.Auth\Auth.Domain\Auth.Domain.csproj", "{484D39B5-1442-40EE-A73D-7A9E87994267}"
EndProject
Project("{FAE04EC0-301F-11D3-BF4B-00C04F79EFBC}") = "Auth.Infrastructure", "Coalescing\src\MicroServices\Coa.Auth\Auth.Infrastructure\Auth.Infrastructure.csproj", "{3CE2F914-394B-42D5-AF0E-4CF22CD82F30}"
EndProject
Project("{2150E333-8FDC-42A3-9474-1A3956D46DE8}") = "SharedLibrary", "SharedLibrary", "{25E5C9F1-A0B0-4619-88C2-7573529B555F}"
EndProject
Project("{2150E333-8FDC-42A3-9474-1A3956D46DE8}") = "IoC", "IoC", "{9792D12F-2883-4AC2-AA01-230DA8433910}"
EndProject
Project("{FAE04EC0-301F-11D3-BF4B-00C04F79EFBC}") = "Coa.Shared.IoC", "Coalescing\src\SharedLibrary\IoC\Coa.Shared.IoC\Coa.Shared.IoC.csproj", "{211097A3-995C-495D-B27C-BD47181769BE}"
EndProject
Project("{2150E333-8FDC-42A3-9474-1A3956D46DE8}") = "Endpoint", "Endpoint", "{7D016067-EBE2-4F46-BBF5-88F3FCA15349}"
EndProject
Project("{FAE04EC0-301F-11D3-BF4B-00C04F79EFBC}") = "Coa.Shared.PermBehavior", "Coalescing\src\SharedLibrary\Endpoint\Coa.Shared.PermBehavior\Coa.Shared.PermBehavior.csproj", "{C27195E6-046A-4898-BD12-52E4C827571A}"
EndProject
Project("{2150E333-8FDC-42A3-9474-1A3956D46DE8}") = "Totp", "Totp", "{210A2323-DC29-4325-B81B-2EE8CC818651}"
EndProject
Project("{FAE04EC0-301F-11D3-BF4B-00C04F79EFBC}") = "Coa.Shared.Totp", "Coalescing\src\SharedLibrary\Totp\Coa.Shared.Totp\Coa.Shared.Totp.csproj", "{9AEDF34D-0A15-4630-82BF-910CD164CAE4}"
EndProject
Project("{2150E333-8FDC-42A3-9474-1A3956D46DE8}") = "Snowflake", "Snowflake", "{56B192A7-4919-4FEE-918A-7D50C44BD4D0}"
EndProject
Project("{FAE04EC0-301F-11D3-BF4B-00C04F79EFBC}") = "Coa.Snowflake", "Coalescing\src\SharedLibrary\Snowflake\Coa.Snowflake\Coa.Snowflake.csproj", "{10520BC1-3D6C-42F6-A107-DD6D1638D664}"
EndProject
Global
	GlobalSection(SolutionConfigurationPlatforms) = preSolution
		Debug|Any CPU = Debug|Any CPU
		Release|Any CPU = Release|Any CPU
	EndGlobalSection
	GlobalSection(ProjectConfigurationPlatforms) = postSolution
		{AADC985C-7F7B-4167-8614-09B5D6D87F40}.Debug|Any CPU.ActiveCfg = Debug|Any CPU
		{AADC985C-7F7B-4167-8614-09B5D6D87F40}.Debug|Any CPU.Build.0 = Debug|Any CPU
		{AADC985C-7F7B-4167-8614-09B5D6D87F40}.Release|Any CPU.ActiveCfg = Release|Any CPU
		{AADC985C-7F7B-4167-8614-09B5D6D87F40}.Release|Any CPU.Build.0 = Release|Any CPU
		{497566BE-FC69-406C-872C-2372DD5EAA92}.Debug|Any CPU.ActiveCfg = Debug|Any CPU
		{497566BE-FC69-406C-872C-2372DD5EAA92}.Debug|Any CPU.Build.0 = Debug|Any CPU
		{497566BE-FC69-406C-872C-2372DD5EAA92}.Release|Any CPU.ActiveCfg = Release|Any CPU
		{497566BE-FC69-406C-872C-2372DD5EAA92}.Release|Any CPU.Build.0 = Release|Any CPU
		{C4CB67A4-0C29-42A5-9B73-3CA5338B0BE7}.Debug|Any CPU.ActiveCfg = Debug|Any CPU
		{C4CB67A4-0C29-42A5-9B73-3CA5338B0BE7}.Debug|Any CPU.Build.0 = Debug|Any CPU
		{C4CB67A4-0C29-42A5-9B73-3CA5338B0BE7}.Release|Any CPU.ActiveCfg = Release|Any CPU
		{C4CB67A4-0C29-42A5-9B73-3CA5338B0BE7}.Release|Any CPU.Build.0 = Release|Any CPU
		{484D39B5-1442-40EE-A73D-7A9E87994267}.Debug|Any CPU.ActiveCfg = Debug|Any CPU
		{484D39B5-1442-40EE-A73D-7A9E87994267}.Debug|Any CPU.Build.0 = Debug|Any CPU
		{484D39B5-1442-40EE-A73D-7A9E87994267}.Release|Any CPU.ActiveCfg = Release|Any CPU
		{484D39B5-1442-40EE-A73D-7A9E87994267}.Release|Any CPU.Build.0 = Release|Any CPU
		{3CE2F914-394B-42D5-AF0E-4CF22CD82F30}.Debug|Any CPU.ActiveCfg = Debug|Any CPU
		{3CE2F914-394B-42D5-AF0E-4CF22CD82F30}.Debug|Any CPU.Build.0 = Debug|Any CPU
		{3CE2F914-394B-42D5-AF0E-4CF22CD82F30}.Release|Any CPU.ActiveCfg = Release|Any CPU
		{3CE2F914-394B-42D5-AF0E-4CF22CD82F30}.Release|Any CPU.Build.0 = Release|Any CPU
		{211097A3-995C-495D-B27C-BD47181769BE}.Debug|Any CPU.ActiveCfg = Debug|Any CPU
		{211097A3-995C-495D-B27C-BD47181769BE}.Debug|Any CPU.Build.0 = Debug|Any CPU
		{211097A3-995C-495D-B27C-BD47181769BE}.Release|Any CPU.ActiveCfg = Release|Any CPU
		{211097A3-995C-495D-B27C-BD47181769BE}.Release|Any CPU.Build.0 = Release|Any CPU
		{C27195E6-046A-4898-BD12-52E4C827571A}.Debug|Any CPU.ActiveCfg = Debug|Any CPU
		{C27195E6-046A-4898-BD12-52E4C827571A}.Debug|Any CPU.Build.0 = Debug|Any CPU
		{C27195E6-046A-4898-BD12-52E4C827571A}.Release|Any CPU.ActiveCfg = Release|Any CPU
		{C27195E6-046A-4898-BD12-52E4C827571A}.Release|Any CPU.Build.0 = Release|Any CPU
		{9AEDF34D-0A15-4630-82BF-910CD164CAE4}.Debug|Any CPU.ActiveCfg = Debug|Any CPU
		{9AEDF34D-0A15-4630-82BF-910CD164CAE4}.Debug|Any CPU.Build.0 = Debug|Any CPU
		{9AEDF34D-0A15-4630-82BF-910CD164CAE4}.Release|Any CPU.ActiveCfg = Release|Any CPU
		{9AEDF34D-0A15-4630-82BF-910CD164CAE4}.Release|Any CPU.Build.0 = Release|Any CPU
		{10520BC1-3D6C-42F6-A107-DD6D1638D664}.Debug|Any CPU.ActiveCfg = Debug|Any CPU
		{10520BC1-3D6C-42F6-A107-DD6D1638D664}.Debug|Any CPU.Build.0 = Debug|Any CPU
		{10520BC1-3D6C-42F6-A107-DD6D1638D664}.Release|Any CPU.ActiveCfg = Release|Any CPU
		{10520BC1-3D6C-42F6-A107-DD6D1638D664}.Release|Any CPU.Build.0 = Release|Any CPU
	EndGlobalSection
	GlobalSection(SolutionProperties) = preSolution
		HideSolutionNode = FALSE
	EndGlobalSection
	GlobalSection(NestedProjects) = preSolution
		{8CBD3DA9-8FE0-49C4-843A-0F840A10277B} = {F4167B8A-AD0A-4CC1-9008-0C83D5BFBF12}
		{7C82A8C1-E893-4509-8504-8E29A7E06A27} = {F4167B8A-AD0A-4CC1-9008-0C83D5BFBF12}
		{AADC985C-7F7B-4167-8614-09B5D6D87F40} = {8CBD3DA9-8FE0-49C4-843A-0F840A10277B}
		{497566BE-FC69-406C-872C-2372DD5EAA92} = {8CBD3DA9-8FE0-49C4-843A-0F840A10277B}
		{506F612F-8F4A-4D8C-98DD-7085D486AA63} = {7C82A8C1-E893-4509-8504-8E29A7E06A27}
		{C4CB67A4-0C29-42A5-9B73-3CA5338B0BE7} = {506F612F-8F4A-4D8C-98DD-7085D486AA63}
		{484D39B5-1442-40EE-A73D-7A9E87994267} = {506F612F-8F4A-4D8C-98DD-7085D486AA63}
		{3CE2F914-394B-42D5-AF0E-4CF22CD82F30} = {506F612F-8F4A-4D8C-98DD-7085D486AA63}
		{25E5C9F1-A0B0-4619-88C2-7573529B555F} = {F4167B8A-AD0A-4CC1-9008-0C83D5BFBF12}
		{9792D12F-2883-4AC2-AA01-230DA8433910} = {25E5C9F1-A0B0-4619-88C2-7573529B555F}
		{211097A3-995C-495D-B27C-BD47181769BE} = {9792D12F-2883-4AC2-AA01-230DA8433910}
		{7D016067-EBE2-4F46-BBF5-88F3FCA15349} = {25E5C9F1-A0B0-4619-88C2-7573529B555F}
		{C27195E6-046A-4898-BD12-52E4C827571A} = {7D016067-EBE2-4F46-BBF5-88F3FCA15349}
		{210A2323-DC29-4325-B81B-2EE8CC818651} = {25E5C9F1-A0B0-4619-88C2-7573529B555F}
		{9AEDF34D-0A15-4630-82BF-910CD164CAE4} = {210A2323-DC29-4325-B81B-2EE8CC818651}
		{56B192A7-4919-4FEE-918A-7D50C44BD4D0} = {25E5C9F1-A0B0-4619-88C2-7573529B555F}
		{10520BC1-3D6C-42F6-A107-DD6D1638D664} = {56B192A7-4919-4FEE-918A-7D50C44BD4D0}
	EndGlobalSection
	GlobalSection(ExtensibilityGlobals) = postSolution
		SolutionGuid = {C94C3F21-503C-4567-9298-965786450A94}
	EndGlobalSection
EndGlobal
